# THIS IS AN AUTOGENERATED FILE. DO NOT EDIT THIS FILE DIRECTLY.
# yarn lockfile v1


"@vapurrmaid/validate@^0.3.4":
  version "0.3.4"
  resolved "https://registry.yarnpkg.com/@vapurrmaid/validate/-/validate-0.3.4.tgz#35274fe6e7e568df2685ebbed1d8811936bf8b8d"
  integrity sha512-PWvPs4Su9HXLe20MEABNja85fHla+QRPDX8C7VL/AGleO1fxzBUX0J47POm+FpWYA5zviSntoOISRHt81WglMQ==

typescript@^4.0.3:
  version "4.0.3"
  resolved "https://registry.yarnpkg.com/typescript/-/typescript-4.0.3.tgz#153bbd468ef07725c1df9c77e8b453f8d36abba5"
  integrity sha512-tEu6DGxGgRJPb/mVPIZ48e69xCn2yRmCgYmDugAVwmJ6o+0u1RI18eO7E7WBTLYLaEVVOhwQmcdhQHweux/WPg==
